
Microsoft Visual Studio Solution File, Format Version 12.00
# Visual Studio Version 17
VisualStudioVersion = 17.5.33530.505
MinimumVisualStudioVersion = 10.0.40219.1
Project("{FAE04EC0-301F-11D3-BF4B-00C04F79EFBC}") = "graphQLExample", "graphQLExample\graphQLExample.csproj", "{BBFF1226-0A2A-4477-AEDC-77751FA3775B}"
EndProject
Global
	GlobalSection(SolutionConfigurationPlatforms) = preSolution
		Debug|Any CPU = Debug|Any CPU
		Release|Any CPU = Release|Any CPU
	EndGlobalSection
	GlobalSection(ProjectConfigurationPlatforms) = postSolution
		{BBFF1226-0A2A-4477-AEDC-77751FA3775B}.Debug|Any CPU.ActiveCfg = Debug|Any CPU
		{BBFF1226-0A2A-4477-AEDC-77751FA3775B}.Debug|Any CPU.Build.0 = Debug|Any CPU
		{BBFF1226-0A2A-4477-AEDC-77751FA3775B}.Release|Any CPU.ActiveCfg = Release|Any CPU
		{BBFF1226-0A2A-4477-AEDC-77751FA3775B}.Release|Any CPU.Build.0 = Release|Any CPU
	EndGlobalSection
	GlobalSection(SolutionProperties) = preSolution
		HideSolutionNode = FALSE
	EndGlobalSection
	GlobalSection(ExtensibilityGlobals) = postSolution
		SolutionGuid = {4D2F4B01-31DB-49DD-9754-DBBEC28FBBB3}
	EndGlobalSection
EndGlobal
